PODS:
  - FeedKit (8.1.1)
  - FSCalendar (2.8.0)
  - SyncKit/Core (0.7.5)
  - SyncKit/CoreData (0.7.5):
    - SyncKit/Core

DEPENDENCIES:
  - FeedKit (~> 8.1)
  - FSCalendar (~> 2.8.0)
  - SyncKit/CoreData (~> 0.7.5)

SPEC REPOS:
  https://github.com/cocoapods/specs.git:
    - FeedKit
    - FSCalendar
    - SyncKit

SPEC CHECKSUMS:
  FeedKit: 3418eed25f0b493b205b4de1b8511ac21d413fa9
  FSCalendar: 3a5ed3636e2ba1b83ebebfcf0c2603105a6f5efe
  SyncKit: 7fc5a00c7cd708c2b8473940f4624def8bdc11ac

PODFILE CHECKSUM: 9b3b7dcd1a405306174ca11083bb4d66ebcdb88f

COCOAPODS: 1.7.2
