// !$*UTF8*$!
{
	archiveVersion = 1;
	classes = {
	};
	objectVersion = 51;
	objects = {

/* Begin PBXBuildFile section */
		A6710813CFD6FF33F055732F /* Pods_Read_arXiv.framework in Frameworks */ = {isa = PBXBuildFile; fileRef = DDAAE671191D7ACC67D457A1 /* Pods_Read_arXiv.framework */; };
		B636DF222306872800583F11 /* CloudKit.framework in Frameworks */ = {isa = PBXBuildFile; fileRef = B636DF212306872800583F11 /* CloudKit.framework */; };
		B6631A0822E0CC8600CA70BF /* AppDelegate.swift in Sources */ = {isa = PBXBuildFile; fileRef = B6631A0722E0CC8600CA70BF /* AppDelegate.swift */; };
		B6631A0A22E0CC8600CA70BF /* SubscriptionViewController.swift in Sources */ = {isa = PBXBuildFile; fileRef = B6631A0922E0CC8600CA70BF /* SubscriptionViewController.swift */; };
		B6631A0D22E0CC8600CA70BF /* Main.storyboard in Resources */ = {isa = PBXBuildFile; fileRef = B6631A0B22E0CC8600CA70BF /* Main.storyboard */; };
		B6631A0F22E0CC8700CA70BF /* Assets.xcassets in Resources */ = {isa = PBXBuildFile; fileRef = B6631A0E22E0CC8700CA70BF /* Assets.xcassets */; };
		B6631A1222E0CC8700CA70BF /* LaunchScreen.storyboard in Resources */ = {isa = PBXBuildFile; fileRef = B6631A1022E0CC8700CA70BF /* LaunchScreen.storyboard */; };
		B66B0F7422E9A767000A1C42 /* MathJax in Resources */ = {isa = PBXBuildFile; fileRef = B66B0F7322E9A767000A1C42 /* MathJax */; };
		B66BFE8722E99B71000A1C42 /* WebKit.framework in Frameworks */ = {isa = PBXBuildFile; fileRef = B66BFE8622E99B71000A1C42 /* WebKit.framework */; };
		B67A7147230D94CC009D02B3 /* PopoverController.swift in Sources */ = {isa = PBXBuildFile; fileRef = B67A7146230D94CC009D02B3 /* PopoverController.swift */; };
		B67A714B230DA2DB009D02B3 /* CalendarViewController.swift in Sources */ = {isa = PBXBuildFile; fileRef = B67A714A230DA2DB009D02B3 /* CalendarViewController.swift */; };
		B683830022F493F1002567A2 /* SearchTableViewController.swift in Sources */ = {isa = PBXBuildFile; fileRef = B68382FF22F493F1002567A2 /* SearchTableViewController.swift */; };
		B69E12A02306CB2200F1F522 /* Bookmarks+CoreDataClass.swift in Sources */ = {isa = PBXBuildFile; fileRef = B69E129E2306CB2200F1F522 /* Bookmarks+CoreDataClass.swift */; };
		B69E12A12306CB2200F1F522 /* Bookmarks+CoreDataProperties.swift in Sources */ = {isa = PBXBuildFile; fileRef = B69E129F2306CB2200F1F522 /* Bookmarks+CoreDataProperties.swift */; };
		B6A2929922E18F9A00F9991E /* SubareaTableViewController.swift in Sources */ = {isa = PBXBuildFile; fileRef = B6A2929822E18F9A00F9991E /* SubareaTableViewController.swift */; };
		B6B176FD22E17A6B0054212F /* subjects.json in Resources */ = {isa = PBXBuildFile; fileRef = B6B176FC22E17A6B0054212F /* subjects.json */; };
		B6C06FD322E1A32D001D7CAB /* MainTableViewController.swift in Sources */ = {isa = PBXBuildFile; fileRef = B6C06FD222E1A32D001D7CAB /* MainTableViewController.swift */; };
		B6C06FD522E1F2A3001D7CAB /* ArticleViewController.swift in Sources */ = {isa = PBXBuildFile; fileRef = B6C06FD422E1F2A3001D7CAB /* ArticleViewController.swift */; };
		B6C06FD722E20122001D7CAB /* PDFViewController.swift in Sources */ = {isa = PBXBuildFile; fileRef = B6C06FD622E20122001D7CAB /* PDFViewController.swift */; };
		B6E182FD2306AE3800115EC6 /* Bookmarks.xcdatamodeld in Sources */ = {isa = PBXBuildFile; fileRef = B6E182FB2306AE3800115EC6 /* Bookmarks.xcdatamodeld */; };
		B6E182FF2306BCFF00115EC6 /* StringExtension.swift in Sources */ = {isa = PBXBuildFile; fileRef = B6E182FE2306BCFF00115EC6 /* StringExtension.swift */; };
		B6E183012306BF7C00115EC6 /* SyncKitManager.swift in Sources */ = {isa = PBXBuildFile; fileRef = B6E183002306BF7C00115EC6 /* SyncKitManager.swift */; };
		B6F5AFB222E4414F002AEAD1 /* DownloadDelegate.swift in Sources */ = {isa = PBXBuildFile; fileRef = B6F5AFB122E4414F002AEAD1 /* DownloadDelegate.swift */; };
		B6F5AFB422E45D59002AEAD1 /* DownloadsTableViewController.swift in Sources */ = {isa = PBXBuildFile; fileRef = B6F5AFB322E45D59002AEAD1 /* DownloadsTableViewController.swift */; };
/* End PBXBuildFile section */

/* Begin PBXFileReference section */
		0AD19DBCFEB6CC17DF5C9D81 /* Pods-Read arXiv.release.xcconfig */ = {isa = PBXFileReference; includeInIndex = 1; lastKnownFileType = text.xcconfig; name = "Pods-Read arXiv.release.xcconfig"; path = "Target Support Files/Pods-Read arXiv/Pods-Read arXiv.release.xcconfig"; sourceTree = "<group>"; };
		575C39F95D83AE35C18B6271 /* Pods-Read arXiv.debug.xcconfig */ = {isa = PBXFileReference; includeInIndex = 1; lastKnownFileType = text.xcconfig; name = "Pods-Read arXiv.debug.xcconfig"; path = "Target Support Files/Pods-Read arXiv/Pods-Read arXiv.debug.xcconfig"; sourceTree = "<group>"; };
		B636DF202306871200583F11 /* Read arXiv.entitlements */ = {isa = PBXFileReference; lastKnownFileType = text.plist.entitlements; path = "Read arXiv.entitlements"; sourceTree = "<group>"; };
		B636DF212306872800583F11 /* CloudKit.framework */ = {isa = PBXFileReference; lastKnownFileType = wrapper.framework; name = CloudKit.framework; path = System/Library/Frameworks/CloudKit.framework; sourceTree = SDKROOT; };
		B6631A0422E0CC8600CA70BF /* Read arXiv.app */ = {isa = PBXFileReference; explicitFileType = wrapper.application; includeInIndex = 0; path = "Read arXiv.app"; sourceTree = BUILT_PRODUCTS_DIR; };
		B6631A0722E0CC8600CA70BF /* AppDelegate.swift */ = {isa = PBXFileReference; lastKnownFileType = sourcecode.swift; path = AppDelegate.swift; sourceTree = "<group>"; };
		B6631A0922E0CC8600CA70BF /* SubscriptionViewController.swift */ = {isa = PBXFileReference; lastKnownFileType = sourcecode.swift; path = SubscriptionViewController.swift; sourceTree = "<group>"; };
		B6631A0C22E0CC8600CA70BF /* Base */ = {isa = PBXFileReference; lastKnownFileType = file.storyboard; name = Base; path = Base.lproj/Main.storyboard; sourceTree = "<group>"; };
		B6631A0E22E0CC8700CA70BF /* Assets.xcassets */ = {isa = PBXFileReference; lastKnownFileType = folder.assetcatalog; path = Assets.xcassets; sourceTree = "<group>"; };
		B6631A1122E0CC8700CA70BF /* Base */ = {isa = PBXFileReference; lastKnownFileType = file.storyboard; name = Base; path = Base.lproj/LaunchScreen.storyboard; sourceTree = "<group>"; };
		B6631A1322E0CC8700CA70BF /* Info.plist */ = {isa = PBXFileReference; lastKnownFileType = text.plist.xml; path = Info.plist; sourceTree = "<group>"; };
		B66B0F7322E9A767000A1C42 /* MathJax */ = {isa = PBXFileReference; lastKnownFileType = folder; path = MathJax; sourceTree = "<group>"; };
		B66BFE8622E99B71000A1C42 /* WebKit.framework */ = {isa = PBXFileReference; lastKnownFileType = wrapper.framework; name = WebKit.framework; path = System/Library/Frameworks/WebKit.framework; sourceTree = SDKROOT; };
		B67A7146230D94CC009D02B3 /* PopoverController.swift */ = {isa = PBXFileReference; lastKnownFileType = sourcecode.swift; path = PopoverController.swift; sourceTree = "<group>"; };
		B67A714A230DA2DB009D02B3 /* CalendarViewController.swift */ = {isa = PBXFileReference; lastKnownFileType = sourcecode.swift; path = CalendarViewController.swift; sourceTree = "<group>"; };
		B68382FF22F493F1002567A2 /* SearchTableViewController.swift */ = {isa = PBXFileReference; lastKnownFileType = sourcecode.swift; path = SearchTableViewController.swift; sourceTree = "<group>"; };
		B69E129E2306CB2200F1F522 /* Bookmarks+CoreDataClass.swift */ = {isa = PBXFileReference; lastKnownFileType = sourcecode.swift; path = "Bookmarks+CoreDataClass.swift"; sourceTree = "<group>"; };
		B69E129F2306CB2200F1F522 /* Bookmarks+CoreDataProperties.swift */ = {isa = PBXFileReference; lastKnownFileType = sourcecode.swift; path = "Bookmarks+CoreDataProperties.swift"; sourceTree = "<group>"; };
		B6A2929822E18F9A00F9991E /* SubareaTableViewController.swift */ = {isa = PBXFileReference; lastKnownFileType = sourcecode.swift; path = SubareaTableViewController.swift; sourceTree = "<group>"; };
		B6B176FC22E17A6B0054212F /* subjects.json */ = {isa = PBXFileReference; lastKnownFileType = text.json; path = subjects.json; sourceTree = "<group>"; };
		B6C06FD222E1A32D001D7CAB /* MainTableViewController.swift */ = {isa = PBXFileReference; lastKnownFileType = sourcecode.swift; path = MainTableViewController.swift; sourceTree = "<group>"; };
		B6C06FD422E1F2A3001D7CAB /* ArticleViewController.swift */ = {isa = PBXFileReference; lastKnownFileType = sourcecode.swift; path = ArticleViewController.swift; sourceTree = "<group>"; };
		B6C06FD622E20122001D7CAB /* PDFViewController.swift */ = {isa = PBXFileReference; lastKnownFileType = sourcecode.swift; path = PDFViewController.swift; sourceTree = "<group>"; };
		B6E182FC2306AE3800115EC6 /* Bookmarks.xcdatamodel */ = {isa = PBXFileReference; lastKnownFileType = wrapper.xcdatamodel; path = Bookmarks.xcdatamodel; sourceTree = "<group>"; };
		B6E182FE2306BCFF00115EC6 /* StringExtension.swift */ = {isa = PBXFileReference; lastKnownFileType = sourcecode.swift; path = StringExtension.swift; sourceTree = "<group>"; };
		B6E183002306BF7C00115EC6 /* SyncKitManager.swift */ = {isa = PBXFileReference; lastKnownFileType = sourcecode.swift; path = SyncKitManager.swift; sourceTree = "<group>"; };
		B6F5AFB122E4414F002AEAD1 /* DownloadDelegate.swift */ = {isa = PBXFileReference; lastKnownFileType = sourcecode.swift; path = DownloadDelegate.swift; sourceTree = "<group>"; };
		B6F5AFB322E45D59002AEAD1 /* DownloadsTableViewController.swift */ = {isa = PBXFileReference; lastKnownFileType = sourcecode.swift; path = DownloadsTableViewController.swift; sourceTree = "<group>"; };
		DDAAE671191D7ACC67D457A1 /* Pods_Read_arXiv.framework */ = {isa = PBXFileReference; explicitFileType = wrapper.framework; includeInIndex = 0; path = Pods_Read_arXiv.framework; sourceTree = BUILT_PRODUCTS_DIR; };
/* End PBXFileReference section */

/* Begin PBXFrameworksBuildPhase section */
		B6631A0122E0CC8600CA70BF /* Frameworks */ = {
			isa = PBXFrameworksBuildPhase;
			buildActionMask = 2147483647;
			files = (
				B636DF222306872800583F11 /* CloudKit.framework in Frameworks */,
				B66BFE8722E99B71000A1C42 /* WebKit.framework in Frameworks */,
				A6710813CFD6FF33F055732F /* Pods_Read_arXiv.framework in Frameworks */,
			);
			runOnlyForDeploymentPostprocessing = 0;
		};
/* End PBXFrameworksBuildPhase section */

/* Begin PBXGroup section */
		ACB8378EF9DBF6981F8A451A /* Frameworks */ = {
			isa = PBXGroup;
			children = (
				B636DF212306872800583F11 /* CloudKit.framework */,
				B66BFE8622E99B71000A1C42 /* WebKit.framework */,
				DDAAE671191D7ACC67D457A1 /* Pods_Read_arXiv.framework */,
			);
			name = Frameworks;
			sourceTree = "<group>";
		};
		B66319FB22E0CC8600CA70BF = {
			isa = PBXGroup;
			children = (
				B6631A0622E0CC8600CA70BF /* Read arXiv */,
				B6631A0522E0CC8600CA70BF /* Products */,
				D42D0DF07FBB088E7F8D5CBB /* Pods */,
				ACB8378EF9DBF6981F8A451A /* Frameworks */,
			);
			sourceTree = "<group>";
		};
		B6631A0522E0CC8600CA70BF /* Products */ = {
			isa = PBXGroup;
			children = (
				B6631A0422E0CC8600CA70BF /* Read arXiv.app */,
			);
			name = Products;
			sourceTree = "<group>";
		};
		B6631A0622E0CC8600CA70BF /* Read arXiv */ = {
			isa = PBXGroup;
			children = (
				B69E129E2306CB2200F1F522 /* Bookmarks+CoreDataClass.swift */,
				B69E129F2306CB2200F1F522 /* Bookmarks+CoreDataProperties.swift */,
				B6631A0722E0CC8600CA70BF /* AppDelegate.swift */,
				B6E183002306BF7C00115EC6 /* SyncKitManager.swift */,
				B6F5AFB122E4414F002AEAD1 /* DownloadDelegate.swift */,
				B6E182FE2306BCFF00115EC6 /* StringExtension.swift */,
				B636DF202306871200583F11 /* Read arXiv.entitlements */,
				B6C06FD222E1A32D001D7CAB /* MainTableViewController.swift */,
				B67A714A230DA2DB009D02B3 /* CalendarViewController.swift */,
				B6C06FD422E1F2A3001D7CAB /* ArticleViewController.swift */,
				B6F5AFB322E45D59002AEAD1 /* DownloadsTableViewController.swift */,
				B68382FF22F493F1002567A2 /* SearchTableViewController.swift */,
				B6C06FD622E20122001D7CAB /* PDFViewController.swift */,
				B6E182FB2306AE3800115EC6 /* Bookmarks.xcdatamodeld */,
				B6B176FC22E17A6B0054212F /* subjects.json */,
				B6631A0B22E0CC8600CA70BF /* Main.storyboard */,
				B67A7146230D94CC009D02B3 /* PopoverController.swift */,
				B6631A0922E0CC8600CA70BF /* SubscriptionViewController.swift */,
				B6A2929822E18F9A00F9991E /* SubareaTableViewController.swift */,
				B6631A0E22E0CC8700CA70BF /* Assets.xcassets */,
				B66B0F7322E9A767000A1C42 /* MathJax */,
				B6631A1022E0CC8700CA70BF /* LaunchScreen.storyboard */,
				B6631A1322E0CC8700CA70BF /* Info.plist */,
			);
			path = "Read arXiv";
			sourceTree = "<group>";
		};
		D42D0DF07FBB088E7F8D5CBB /* Pods */ = {
			isa = PBXGroup;
			children = (
				575C39F95D83AE35C18B6271 /* Pods-Read arXiv.debug.xcconfig */,
				0AD19DBCFEB6CC17DF5C9D81 /* Pods-Read arXiv.release.xcconfig */,
			);
			path = Pods;
			sourceTree = "<group>";
		};
/* End PBXGroup section */

/* Begin PBXNativeTarget section */
		B6631A0322E0CC8600CA70BF /* Read arXiv */ = {
			isa = PBXNativeTarget;
			buildConfigurationList = B6631A1622E0CC8700CA70BF /* Build configuration list for PBXNativeTarget "Read arXiv" */;
			buildPhases = (
				35E417DD8A93DAB95B33EA12 /* [CP] Check Pods Manifest.lock */,
				B6631A0022E0CC8600CA70BF /* Sources */,
				B6631A0122E0CC8600CA70BF /* Frameworks */,
				B6631A0222E0CC8600CA70BF /* Resources */,
				98F79B33524B8879930D67CF /* [CP] Embed Pods Frameworks */,
				B61E189222E47959003AF02D /* Increment Build Number */,
			);
			buildRules = (
			);
			dependencies = (
			);
			name = "Read arXiv";
			productName = "Read arXiv";
			productReference = B6631A0422E0CC8600CA70BF /* Read arXiv.app */;
			productType = "com.apple.product-type.application";
		};
/* End PBXNativeTarget section */

/* Begin PBXProject section */
		B66319FC22E0CC8600CA70BF /* Project object */ = {
			isa = PBXProject;
			attributes = {
				LastSwiftUpdateCheck = 1020;
				LastUpgradeCheck = 1020;
				ORGANIZATIONNAME = "Frederick Morlock";
				TargetAttributes = {
					B6631A0322E0CC8600CA70BF = {
						CreatedOnToolsVersion = 10.2.1;
						SystemCapabilities = {
							com.apple.BackgroundModes = {
								enabled = 1;
							};
							com.apple.Push = {
								enabled = 1;
							};
							com.apple.iCloud = {
								enabled = 1;
							};
						};
					};
				};
			};
			buildConfigurationList = B66319FF22E0CC8600CA70BF /* Build configuration list for PBXProject "Read arXiv" */;
			compatibilityVersion = "Xcode 9.3";
			developmentRegion = en;
			hasScannedForEncodings = 0;
			knownRegions = (
				en,
				Base,
			);
			mainGroup = B66319FB22E0CC8600CA70BF;
			productRefGroup = B6631A0522E0CC8600CA70BF /* Products */;
			projectDirPath = "";
			projectRoot = "";
			targets = (
				B6631A0322E0CC8600CA70BF /* Read arXiv */,
			);
		};
/* End PBXProject section */

/* Begin PBXResourcesBuildPhase section */
		B6631A0222E0CC8600CA70BF /* Resources */ = {
			isa = PBXResourcesBuildPhase;
			buildActionMask = 2147483647;
			files = (
				B66B0F7422E9A767000A1C42 /* MathJax in Resources */,
				B6B176FD22E17A6B0054212F /* subjects.json in Resources */,
				B6631A1222E0CC8700CA70BF /* LaunchScreen.storyboard in Resources */,
				B6631A0F22E0CC8700CA70BF /* Assets.xcassets in Resources */,
				B6631A0D22E0CC8600CA70BF /* Main.storyboard in Resources */,
			);
			runOnlyForDeploymentPostprocessing = 0;
		};
/* End PBXResourcesBuildPhase section */

/* Begin PBXShellScriptBuildPhase section */
		35E417DD8A93DAB95B33EA12 /* [CP] Check Pods Manifest.lock */ = {
			isa = PBXShellScriptBuildPhase;
			buildActionMask = 2147483647;
			files = (
			);
			inputFileListPaths = (
			);
			inputPaths = (
				"${PODS_PODFILE_DIR_PATH}/Podfile.lock",
				"${PODS_ROOT}/Manifest.lock",
			);
			name = "[CP] Check Pods Manifest.lock";
			outputFileListPaths = (
			);
			outputPaths = (
				"$(DERIVED_FILE_DIR)/Pods-Read arXiv-checkManifestLockResult.txt",
			);
			runOnlyForDeploymentPostprocessing = 0;
			shellPath = /bin/sh;
			shellScript = "diff \"${PODS_PODFILE_DIR_PATH}/Podfile.lock\" \"${PODS_ROOT}/Manifest.lock\" > /dev/null\nif [ $? != 0 ] ; then\n    # print error to STDERR\n    echo \"error: The sandbox is not in sync with the Podfile.lock. Run 'pod install' or update your CocoaPods installation.\" >&2\n    exit 1\nfi\n# This output is used by Xcode 'outputs' to avoid re-running this script phase.\necho \"SUCCESS\" > \"${SCRIPT_OUTPUT_FILE_0}\"\n";
			showEnvVarsInLog = 0;
		};
		98F79B33524B8879930D67CF /* [CP] Embed Pods Frameworks */ = {
			isa = PBXShellScriptBuildPhase;
			buildActionMask = 2147483647;
			files = (
			);
			inputFileListPaths = (
				"${PODS_ROOT}/Target Support Files/Pods-Read arXiv/Pods-Read arXiv-frameworks-${CONFIGURATION}-input-files.xcfilelist",
			);
			name = "[CP] Embed Pods Frameworks";
			outputFileListPaths = (
				"${PODS_ROOT}/Target Support Files/Pods-Read arXiv/Pods-Read arXiv-frameworks-${CONFIGURATION}-output-files.xcfilelist",
			);
			runOnlyForDeploymentPostprocessing = 0;
			shellPath = /bin/sh;
			shellScript = "\"${PODS_ROOT}/Target Support Files/Pods-Read arXiv/Pods-Read arXiv-frameworks.sh\"\n";
			showEnvVarsInLog = 0;
		};
		B61E189222E47959003AF02D /* Increment Build Number */ = {
			isa = PBXShellScriptBuildPhase;
			buildActionMask = 2147483647;
			files = (
			);
			inputFileListPaths = (
			);
			inputPaths = (
			);
			name = "Increment Build Number";
			outputFileListPaths = (
			);
			outputPaths = (
			);
			runOnlyForDeploymentPostprocessing = 0;
			shellPath = /bin/sh;
			shellScript = "buildNumber=$(/usr/libexec/PlistBuddy -c \"Print CFBundleVersion\" \"${PROJECT_DIR}/${INFOPLIST_FILE}\")\nbuildNumber=$(($buildNumber + 1))\n/usr/libexec/PlistBuddy -c \"Set :CFBundleVersion $buildNumber\" \"${PROJECT_DIR}/${INFOPLIST_FILE}\"\n";
		};
/* End PBXShellScriptBuildPhase section */

/* Begin PBXSourcesBuildPhase section */
		B6631A0022E0CC8600CA70BF /* Sources */ = {
			isa = PBXSourcesBuildPhase;
			buildActionMask = 2147483647;
			files = (
				B6C06FD322E1A32D001D7CAB /* MainTableViewController.swift in Sources */,
				B67A7147230D94CC009D02B3 /* PopoverController.swift in Sources */,
				B67A714B230DA2DB009D02B3 /* CalendarViewController.swift in Sources */,
				B683830022F493F1002567A2 /* SearchTableViewController.swift in Sources */,
				B6F5AFB222E4414F002AEAD1 /* DownloadDelegate.swift in Sources */,
				B6E182FD2306AE3800115EC6 /* Bookmarks.xcdatamodeld in Sources */,
				B6A2929922E18F9A00F9991E /* SubareaTableViewController.swift in Sources */,
				B69E12A12306CB2200F1F522 /* Bookmarks+CoreDataProperties.swift in Sources */,
				B69E12A02306CB2200F1F522 /* Bookmarks+CoreDataClass.swift in Sources */,
				B6F5AFB422E45D59002AEAD1 /* DownloadsTableViewController.swift in Sources */,
				B6C06FD522E1F2A3001D7CAB /* ArticleViewController.swift in Sources */,
				B6C06FD722E20122001D7CAB /* PDFViewController.swift in Sources */,
				B6631A0A22E0CC8600CA70BF /* SubscriptionViewController.swift in Sources */,
				B6E182FF2306BCFF00115EC6 /* StringExtension.swift in Sources */,
				B6631A0822E0CC8600CA70BF /* AppDelegate.swift in Sources */,
				B6E183012306BF7C00115EC6 /* SyncKitManager.swift in Sources */,
			);
			runOnlyForDeploymentPostprocessing = 0;
		};
/* End PBXSourcesBuildPhase section */

/* Begin PBXVariantGroup section */
		B6631A0B22E0CC8600CA70BF /* Main.storyboard */ = {
			isa = PBXVariantGroup;
			children = (
				B6631A0C22E0CC8600CA70BF /* Base */,
			);
			name = Main.storyboard;
			sourceTree = "<group>";
		};
		B6631A1022E0CC8700CA70BF /* LaunchScreen.storyboard */ = {
			isa = PBXVariantGroup;
			children = (
				B6631A1122E0CC8700CA70BF /* Base */,
			);
			name = LaunchScreen.storyboard;
			sourceTree = "<group>";
		};
/* End PBXVariantGroup section */

/* Begin XCBuildConfiguration section */
		B6631A1422E0CC8700CA70BF /* Debug */ = {
			isa = XCBuildConfiguration;
			buildSettings = {
				ALWAYS_SEARCH_USER_PATHS = NO;
				CLANG_ANALYZER_NONNULL = YES;
				CLANG_ANALYZER_NUMBER_OBJECT_CONVERSION = YES_AGGRESSIVE;
				CLANG_CXX_LANGUAGE_STANDARD = "gnu++14";
				CLANG_CXX_LIBRARY = "libc++";
				CLANG_ENABLE_MODULES = YES;
				CLANG_ENABLE_OBJC_ARC = YES;
				CLANG_ENABLE_OBJC_WEAK = YES;
				CLANG_WARN_BLOCK_CAPTURE_AUTORELEASING = YES;
				CLANG_WARN_BOOL_CONVERSION = YES;
				CLANG_WARN_COMMA = YES;
				CLANG_WARN_CONSTANT_CONVERSION = YES;
				CLANG_WARN_DEPRECATED_OBJC_IMPLEMENTATIONS = YES;
				CLANG_WARN_DIRECT_OBJC_ISA_USAGE = YES_ERROR;
				CLANG_WARN_DOCUMENTATION_COMMENTS = YES;
				CLANG_WARN_EMPTY_BODY = YES;
				CLANG_WARN_ENUM_CONVERSION = YES;
				CLANG_WARN_INFINITE_RECURSION = YES;
				CLANG_WARN_INT_CONVERSION = YES;
				CLANG_WARN_NON_LITERAL_NULL_CONVERSION = YES;
				CLANG_WARN_OBJC_IMPLICIT_RETAIN_SELF = YES;
				CLANG_WARN_OBJC_LITERAL_CONVERSION = YES;
				CLANG_WARN_OBJC_ROOT_CLASS = YES_ERROR;
				CLANG_WARN_RANGE_LOOP_ANALYSIS = YES;
				CLANG_WARN_STRICT_PROTOTYPES = YES;
				CLANG_WARN_SUSPICIOUS_MOVE = YES;
				CLANG_WARN_UNGUARDED_AVAILABILITY = YES_AGGRESSIVE;
				CLANG_WARN_UNREACHABLE_CODE = YES;
				CLANG_WARN__DUPLICATE_METHOD_MATCH = YES;
				CODE_SIGN_IDENTITY = "iPhone Developer";
				COPY_PHASE_STRIP = NO;
				DEBUG_INFORMATION_FORMAT = dwarf;
				ENABLE_STRICT_OBJC_MSGSEND = YES;
				ENABLE_TESTABILITY = YES;
				GCC_C_LANGUAGE_STANDARD = gnu11;
				GCC_DYNAMIC_NO_PIC = NO;
				GCC_NO_COMMON_BLOCKS = YES;
				GCC_OPTIMIZATION_LEVEL = 0;
				GCC_PREPROCESSOR_DEFINITIONS = (
					"DEBUG=1",
					"$(inherited)",
				);
				GCC_WARN_64_TO_32_BIT_CONVERSION = YES;
				GCC_WARN_ABOUT_RETURN_TYPE = YES_ERROR;
				GCC_WARN_UNDECLARED_SELECTOR = YES;
				GCC_WARN_UNINITIALIZED_AUTOS = YES_AGGRESSIVE;
				GCC_WARN_UNUSED_FUNCTION = YES;
				GCC_WARN_UNUSED_VARIABLE = YES;
				IPHONEOS_DEPLOYMENT_TARGET = 12.2;
				MTL_ENABLE_DEBUG_INFO = INCLUDE_SOURCE;
				MTL_FAST_MATH = YES;
				ONLY_ACTIVE_ARCH = YES;
				SDKROOT = iphoneos;
				SWIFT_ACTIVE_COMPILATION_CONDITIONS = DEBUG;
				SWIFT_OPTIMIZATION_LEVEL = "-Onone";
			};
			name = Debug;
		};
		B6631A1522E0CC8700CA70BF /* Release */ = {
			isa = XCBuildConfiguration;
			buildSettings = {
				ALWAYS_SEARCH_USER_PATHS = NO;
				CLANG_ANALYZER_NONNULL = YES;
				CLANG_ANALYZER_NUMBER_OBJECT_CONVERSION = YES_AGGRESSIVE;
				CLANG_CXX_LANGUAGE_STANDARD = "gnu++14";
				CLANG_CXX_LIBRARY = "libc++";
				CLANG_ENABLE_MODULES = YES;
				CLANG_ENABLE_OBJC_ARC = YES;
				CLANG_ENABLE_OBJC_WEAK = YES;
				CLANG_WARN_BLOCK_CAPTURE_AUTORELEASING = YES;
				CLANG_WARN_BOOL_CONVERSION = YES;
				CLANG_WARN_COMMA = YES;
				CLANG_WARN_CONSTANT_CONVERSION = YES;
				CLANG_WARN_DEPRECATED_OBJC_IMPLEMENTATIONS = YES;
				CLANG_WARN_DIRECT_OBJC_ISA_USAGE = YES_ERROR;
				CLANG_WARN_DOCUMENTATION_COMMENTS = YES;
				CLANG_WARN_EMPTY_BODY = YES;
				CLANG_WARN_ENUM_CONVERSION = YES;
				CLANG_WARN_INFINITE_RECURSION = YES;
				CLANG_WARN_INT_CONVERSION = YES;
				CLANG_WARN_NON_LITERAL_NULL_CONVERSION = YES;
				CLANG_WARN_OBJC_IMPLICIT_RETAIN_SELF = YES;
				CLANG_WARN_OBJC_LITERAL_CONVERSION = YES;
				CLANG_WARN_OBJC_ROOT_CLASS = YES_ERROR;
				CLANG_WARN_RANGE_LOOP_ANALYSIS = YES;
				CLANG_WARN_STRICT_PROTOTYPES = YES;
				CLANG_WARN_SUSPICIOUS_MOVE = YES;
				CLANG_WARN_UNGUARDED_AVAILABILITY = YES_AGGRESSIVE;
				CLANG_WARN_UNREACHABLE_CODE = YES;
				CLANG_WARN__DUPLICATE_METHOD_MATCH = YES;
				CODE_SIGN_IDENTITY = "iPhone Developer";
				COPY_PHASE_STRIP = NO;
				DEBUG_INFORMATION_FORMAT = "dwarf-with-dsym";
				ENABLE_NS_ASSERTIONS = NO;
				ENABLE_STRICT_OBJC_MSGSEND = YES;
				GCC_C_LANGUAGE_STANDARD = gnu11;
				GCC_NO_COMMON_BLOCKS = YES;
				GCC_WARN_64_TO_32_BIT_CONVERSION = YES;
				GCC_WARN_ABOUT_RETURN_TYPE = YES_ERROR;
				GCC_WARN_UNDECLARED_SELECTOR = YES;
				GCC_WARN_UNINITIALIZED_AUTOS = YES_AGGRESSIVE;
				GCC_WARN_UNUSED_FUNCTION = YES;
				GCC_WARN_UNUSED_VARIABLE = YES;
				IPHONEOS_DEPLOYMENT_TARGET = 12.2;
				MTL_ENABLE_DEBUG_INFO = NO;
				MTL_FAST_MATH = YES;
				SDKROOT = iphoneos;
				SWIFT_COMPILATION_MODE = wholemodule;
				SWIFT_OPTIMIZATION_LEVEL = "-O";
				VALIDATE_PRODUCT = YES;
			};
			name = Release;
		};
		B6631A1722E0CC8700CA70BF /* Debug */ = {
			isa = XCBuildConfiguration;
			baseConfigurationReference = 575C39F95D83AE35C18B6271 /* Pods-Read arXiv.debug.xcconfig */;
			buildSettings = {
				ASSETCATALOG_COMPILER_APPICON_NAME = AppIcon;
				CODE_SIGN_ENTITLEMENTS = "Read arXiv/Read arXiv.entitlements";
				CODE_SIGN_STYLE = Automatic;
				DEVELOPMENT_TEAM = 9DA4RFE7AJ;
				INFOPLIST_FILE = "Read arXiv/Info.plist";
				LD_RUNPATH_SEARCH_PATHS = (
					"$(inherited)",
					"@executable_path/Frameworks",
				);
				PRODUCT_BUNDLE_IDENTIFIER = "net.nerd.Read-arXiv";
				PRODUCT_NAME = "$(TARGET_NAME)";
				SWIFT_VERSION = 5.0;
				TARGETED_DEVICE_FAMILY = "1,2";
			};
			name = Debug;
		};
		B6631A1822E0CC8700CA70BF /* Release */ = {
			isa = XCBuildConfiguration;
			baseConfigurationReference = 0AD19DBCFEB6CC17DF5C9D81 /* Pods-Read arXiv.release.xcconfig */;
			buildSettings = {
				ASSETCATALOG_COMPILER_APPICON_NAME = AppIcon;
				CODE_SIGN_ENTITLEMENTS = "Read arXiv/Read arXiv.entitlements";
				CODE_SIGN_STYLE = Automatic;
				DEVELOPMENT_TEAM = 9DA4RFE7AJ;
				INFOPLIST_FILE = "Read arXiv/Info.plist";
				LD_RUNPATH_SEARCH_PATHS = (
					"$(inherited)",
					"@executable_path/Frameworks",
				);
				PRODUCT_BUNDLE_IDENTIFIER = "net.nerd.Read-arXiv";
				PRODUCT_NAME = "$(TARGET_NAME)";
				SWIFT_VERSION = 5.0;
				TARGETED_DEVICE_FAMILY = "1,2";
			};
			name = Release;
		};
/* End XCBuildConfiguration section */

/* Begin XCConfigurationList section */
		B66319FF22E0CC8600CA70BF /* Build configuration list for PBXProject "Read arXiv" */ = {
			isa = XCConfigurationList;
			buildConfigurations = (
				B6631A1422E0CC8700CA70BF /* Debug */,
				B6631A1522E0CC8700CA70BF /* Release */,
			);
			defaultConfigurationIsVisible = 0;
			defaultConfigurationName = Release;
		};
		B6631A1622E0CC8700CA70BF /* Build configuration list for PBXNativeTarget "Read arXiv" */ = {
			isa = XCConfigurationList;
			buildConfigurations = (
				B6631A1722E0CC8700CA70BF /* Debug */,
				B6631A1822E0CC8700CA70BF /* Release */,
			);
			defaultConfigurationIsVisible = 0;
			defaultConfigurationName = Release;
		};
/* End XCConfigurationList section */

/* Begin XCVersionGroup section */
		B6E182FB2306AE3800115EC6 /* Bookmarks.xcdatamodeld */ = {
			isa = XCVersionGroup;
			children = (
				B6E182FC2306AE3800115EC6 /* Bookmarks.xcdatamodel */,
			);
			currentVersion = B6E182FC2306AE3800115EC6 /* Bookmarks.xcdatamodel */;
			path = Bookmarks.xcdatamodeld;
			sourceTree = "<group>";
			versionGroupType = wrapper.xcdatamodel;
		};
/* End XCVersionGroup section */
	};
	rootObject = B66319FC22E0CC8600CA70BF /* Project object */;
}
